
Microsoft Visual Studio Solution File, Format Version 12.00
# Visual Studio Version 17
VisualStudioVersion = 17.8.34316.72
MinimumVisualStudioVersion = 10.0.40219.1
Project("{9A19103F-16F7-4668-BE54-9A1E7A4F7556}") = "ASPTest", "ASPTest\ASPTest.csproj", "{F95EA719-89A8-497C-A511-4D8E472440B0}"
EndProject
Global
	GlobalSection(SolutionConfigurationPlatforms) = preSolution
		Debug|Any CPU = Debug|Any CPU
		Release|Any CPU = Release|Any CPU
	EndGlobalSection
	GlobalSection(ProjectConfigurationPlatforms) = postSolution
		{F95EA719-89A8-497C-A511-4D8E472440B0}.Debug|Any CPU.ActiveCfg = Debug|Any CPU
		{F95EA719-89A8-497C-A511-4D8E472440B0}.Debug|Any CPU.Build.0 = Debug|Any CPU
		{F95EA719-89A8-497C-A511-4D8E472440B0}.Release|Any CPU.ActiveCfg = Release|Any CPU
		{F95EA719-89A8-497C-A511-4D8E472440B0}.Release|Any CPU.Build.0 = Release|Any CPU
	EndGlobalSection
	GlobalSection(SolutionProperties) = preSolution
		HideSolutionNode = FALSE
	EndGlobalSection
	GlobalSection(ExtensibilityGlobals) = postSolution
		SolutionGuid = {95FFE14C-C64B-438C-8864-531E393DDB5C}
	EndGlobalSection
EndGlobal
